
Microsoft Visual Studio Solution File, Format Version 12.00
# Visual Studio Version 17
VisualStudioVersion = 17.0.31808.319
MinimumVisualStudioVersion = 10.0.40219.1
Project("{2150E333-8FDC-42A3-9474-1A3956D46DE8}") = "FrontEnd", "FrontEnd", "{0CD0A8A1-EC19-43D3-ADC5-E52AC8038D21}"
EndProject
Project("{FAE04EC0-301F-11D3-BF4B-00C04F79EFBC}") = "Mango.Web", "Mango.Web\Mango.Web.csproj", "{5FC94293-F947-417F-8B4A-7E6CC48149BB}"
EndProject
Project("{2150E333-8FDC-42A3-9474-1A3956D46DE8}") = "Services", "Services", "{5F380F0F-AB74-4D06-BE50-DFCE464A8DB7}"
EndProject
Project("{FAE04EC0-301F-11D3-BF4B-00C04F79EFBC}") = "Mango.Services.ProductAPI", "Mango.Services.ProductAPI\Mango.Services.ProductAPI.csproj", "{E459BD4E-B37C-4E13-AF64-46708CD0BB97}"
EndProject
Global
	GlobalSection(SolutionConfigurationPlatforms) = preSolution
		Debug|Any CPU = Debug|Any CPU
		Release|Any CPU = Release|Any CPU
	EndGlobalSection
	GlobalSection(ProjectConfigurationPlatforms) = postSolution
		{5FC94293-F947-417F-8B4A-7E6CC48149BB}.Debug|Any CPU.ActiveCfg = Debug|Any CPU
		{5FC94293-F947-417F-8B4A-7E6CC48149BB}.Debug|Any CPU.Build.0 = Debug|Any CPU
		{5FC94293-F947-417F-8B4A-7E6CC48149BB}.Release|Any CPU.ActiveCfg = Release|Any CPU
		{5FC94293-F947-417F-8B4A-7E6CC48149BB}.Release|Any CPU.Build.0 = Release|Any CPU
		{E459BD4E-B37C-4E13-AF64-46708CD0BB97}.Debug|Any CPU.ActiveCfg = Debug|Any CPU
		{E459BD4E-B37C-4E13-AF64-46708CD0BB97}.Debug|Any CPU.Build.0 = Debug|Any CPU
		{E459BD4E-B37C-4E13-AF64-46708CD0BB97}.Release|Any CPU.ActiveCfg = Release|Any CPU
		{E459BD4E-B37C-4E13-AF64-46708CD0BB97}.Release|Any CPU.Build.0 = Release|Any CPU
	EndGlobalSection
	GlobalSection(SolutionProperties) = preSolution
		HideSolutionNode = FALSE
	EndGlobalSection
	GlobalSection(NestedProjects) = preSolution
		{5FC94293-F947-417F-8B4A-7E6CC48149BB} = {0CD0A8A1-EC19-43D3-ADC5-E52AC8038D21}
		{E459BD4E-B37C-4E13-AF64-46708CD0BB97} = {5F380F0F-AB74-4D06-BE50-DFCE464A8DB7}
	EndGlobalSection
	GlobalSection(ExtensibilityGlobals) = postSolution
		SolutionGuid = {406ECA2C-7B79-4EDC-9512-F863588766EF}
	EndGlobalSection
EndGlobal
